
Microsoft Visual Studio Solution File, Format Version 12.00
# Visual Studio 14
VisualStudioVersion = 14.0.25420.1
MinimumVisualStudioVersion = 10.0.40219.1
Project("{2150E333-8FDC-42A3-9474-1A3956D46DE8}") = "TestsLifeCycle", "TestsLifeCycle", "{FA336BD8-CDB1-43DB-9BCF-43A71D938D4E}"
EndProject
Project("{2150E333-8FDC-42A3-9474-1A3956D46DE8}") = "GettingStarted", "GettingStarted", "{7458C751-0B41-4AF3-B7E7-F96A3713FA0C}"
EndProject
Project("{FAE04EC0-301F-11D3-BF4B-00C04F79EFBC}") = "xUnitFeatures.LifeCycles", "xUnitFeatures.LifeCycles\xUnitFeatures.LifeCycles.csproj", "{A6199B5A-1544-4081-BC41-E7FA2CAE2C5B}"
EndProject
Project("{FAE04EC0-301F-11D3-BF4B-00C04F79EFBC}") = "xUnitFeatures.GettingStarted", "xUnitFeatures.GettingStarted\xUnitFeatures.GettingStarted.csproj", "{EBCA5365-9A35-48FB-8A4B-BBA887C0073A}"
EndProject
Global
	GlobalSection(SolutionConfigurationPlatforms) = preSolution
		Debug|Any CPU = Debug|Any CPU
		Release|Any CPU = Release|Any CPU
	EndGlobalSection
	GlobalSection(ProjectConfigurationPlatforms) = postSolution
		{A6199B5A-1544-4081-BC41-E7FA2CAE2C5B}.Debug|Any CPU.ActiveCfg = Debug|Any CPU
		{A6199B5A-1544-4081-BC41-E7FA2CAE2C5B}.Debug|Any CPU.Build.0 = Debug|Any CPU
		{A6199B5A-1544-4081-BC41-E7FA2CAE2C5B}.Release|Any CPU.ActiveCfg = Release|Any CPU
		{A6199B5A-1544-4081-BC41-E7FA2CAE2C5B}.Release|Any CPU.Build.0 = Release|Any CPU
		{EBCA5365-9A35-48FB-8A4B-BBA887C0073A}.Debug|Any CPU.ActiveCfg = Debug|Any CPU
		{EBCA5365-9A35-48FB-8A4B-BBA887C0073A}.Debug|Any CPU.Build.0 = Debug|Any CPU
		{EBCA5365-9A35-48FB-8A4B-BBA887C0073A}.Release|Any CPU.ActiveCfg = Release|Any CPU
		{EBCA5365-9A35-48FB-8A4B-BBA887C0073A}.Release|Any CPU.Build.0 = Release|Any CPU
	EndGlobalSection
	GlobalSection(SolutionProperties) = preSolution
		HideSolutionNode = FALSE
	EndGlobalSection
	GlobalSection(NestedProjects) = preSolution
		{A6199B5A-1544-4081-BC41-E7FA2CAE2C5B} = {FA336BD8-CDB1-43DB-9BCF-43A71D938D4E}
		{EBCA5365-9A35-48FB-8A4B-BBA887C0073A} = {7458C751-0B41-4AF3-B7E7-F96A3713FA0C}
	EndGlobalSection
EndGlobal
